
Microsoft Visual Studio Solution File, Format Version 12.00
# Visual Studio Version 16
VisualStudioVersion = 16.0.32407.337
MinimumVisualStudioVersion = 10.0.40219.1
Project("{9A19103F-16F7-4668-BE54-9A1E7A4F7556}") = "AShortHike.Randomizer", "AShortHike.Randomizer\AShortHike.Randomizer.csproj", "{A189740A-38A6-4C63-995A-90EACF809965}"
EndProject
Global
	GlobalSection(SolutionConfigurationPlatforms) = preSolution
		Debug|Any CPU = Debug|Any CPU
		Release|Any CPU = Release|Any CPU
	EndGlobalSection
	GlobalSection(ProjectConfigurationPlatforms) = postSolution
		{A189740A-38A6-4C63-995A-90EACF809965}.Debug|Any CPU.ActiveCfg = Debug|Any CPU
		{A189740A-38A6-4C63-995A-90EACF809965}.Debug|Any CPU.Build.0 = Debug|Any CPU
		{A189740A-38A6-4C63-995A-90EACF809965}.Release|Any CPU.ActiveCfg = Release|Any CPU
		{A189740A-38A6-4C63-995A-90EACF809965}.Release|Any CPU.Build.0 = Release|Any CPU
	EndGlobalSection
	GlobalSection(SolutionProperties) = preSolution
		HideSolutionNode = FALSE
	EndGlobalSection
	GlobalSection(ExtensibilityGlobals) = postSolution
		SolutionGuid = {55672E15-E1A9-4DE8-B6E3-9B34E4854668}
	EndGlobalSection
EndGlobal
